// !$*UTF8*$!
{
	archiveVersion = 1;
	classes = {
	};
	objectVersion = 56;
	objects = {

/* Begin PBXBuildFile section */
		654F4D362C2B93C00089F41B /* Maas_PruebaApp.swift in Sources */ = {isa = PBXBuildFile; fileRef = 654F4D352C2B93C00089F41B /* Maas_PruebaApp.swift */; };
		654F4D382C2B93C00089F41B /* TarjetaView.swift in Sources */ = {isa = PBXBuildFile; fileRef = 654F4D372C2B93C00089F41B /* TarjetaView.swift */; };
		654F4D3A2C2B93C10089F41B /* Assets.xcassets in Resources */ = {isa = PBXBuildFile; fileRef = 654F4D392C2B93C10089F41B /* Assets.xcassets */; };
		654F4D3D2C2B93C10089F41B /* Preview Assets.xcassets in Resources */ = {isa = PBXBuildFile; fileRef = 654F4D3C2C2B93C10089F41B /* Preview Assets.xcassets */; };
		654F4D472C2B93C20089F41B /* Maas_PruebaTests.swift in Sources */ = {isa = PBXBuildFile; fileRef = 654F4D462C2B93C20089F41B /* Maas_PruebaTests.swift */; };
		654F4D512C2B93C20089F41B /* Maas_PruebaUITests.swift in Sources */ = {isa = PBXBuildFile; fileRef = 654F4D502C2B93C20089F41B /* Maas_PruebaUITests.swift */; };
		654F4D532C2B93C20089F41B /* Maas_PruebaUITestsLaunchTests.swift in Sources */ = {isa = PBXBuildFile; fileRef = 654F4D522C2B93C20089F41B /* Maas_PruebaUITestsLaunchTests.swift */; };
		658C076F2C3325FA00072AB9 /* Alamofire in Frameworks */ = {isa = PBXBuildFile; productRef = 658C076E2C3325FA00072AB9 /* Alamofire */; };
		658C07722C337AD900072AB9 /* MaasAppModels.swift in Sources */ = {isa = PBXBuildFile; fileRef = 658C07712C337AD900072AB9 /* MaasAppModels.swift */; };
		658C07812C33AD5800072AB9 /* NetworkManager.swift in Sources */ = {isa = PBXBuildFile; fileRef = 658C07802C33AD5800072AB9 /* NetworkManager.swift */; };
		658C07852C33B6AF00072AB9 /* TarjetaViewModel.swift in Sources */ = {isa = PBXBuildFile; fileRef = 658C07842C33B6AF00072AB9 /* TarjetaViewModel.swift */; };
/* End PBXBuildFile section */

/* Begin PBXContainerItemProxy section */
		654F4D432C2B93C20089F41B /* PBXContainerItemProxy */ = {
			isa = PBXContainerItemProxy;
			containerPortal = 654F4D2A2C2B93C00089F41B /* Project object */;
			proxyType = 1;
			remoteGlobalIDString = 654F4D312C2B93C00089F41B;
			remoteInfo = "Maas-Prueba";
		};
		654F4D4D2C2B93C20089F41B /* PBXContainerItemProxy */ = {
			isa = PBXContainerItemProxy;
			containerPortal = 654F4D2A2C2B93C00089F41B /* Project object */;
			proxyType = 1;
			remoteGlobalIDString = 654F4D312C2B93C00089F41B;
			remoteInfo = "Maas-Prueba";
		};
/* End PBXContainerItemProxy section */

/* Begin PBXFileReference section */
		654F4D322C2B93C00089F41B /* Maas-Prueba.app */ = {isa = PBXFileReference; explicitFileType = wrapper.application; includeInIndex = 0; path = "Maas-Prueba.app"; sourceTree = BUILT_PRODUCTS_DIR; };
		654F4D352C2B93C00089F41B /* Maas_PruebaApp.swift */ = {isa = PBXFileReference; lastKnownFileType = sourcecode.swift; path = Maas_PruebaApp.swift; sourceTree = "<group>"; };
		654F4D372C2B93C00089F41B /* TarjetaView.swift */ = {isa = PBXFileReference; lastKnownFileType = sourcecode.swift; path = TarjetaView.swift; sourceTree = "<group>"; };
		654F4D392C2B93C10089F41B /* Assets.xcassets */ = {isa = PBXFileReference; lastKnownFileType = folder.assetcatalog; path = Assets.xcassets; sourceTree = "<group>"; };
		654F4D3C2C2B93C10089F41B /* Preview Assets.xcassets */ = {isa = PBXFileReference; lastKnownFileType = folder.assetcatalog; path = "Preview Assets.xcassets"; sourceTree = "<group>"; };
		654F4D422C2B93C20089F41B /* Maas-PruebaTests.xctest */ = {isa = PBXFileReference; explicitFileType = wrapper.cfbundle; includeInIndex = 0; path = "Maas-PruebaTests.xctest"; sourceTree = BUILT_PRODUCTS_DIR; };
		654F4D462C2B93C20089F41B /* Maas_PruebaTests.swift */ = {isa = PBXFileReference; lastKnownFileType = sourcecode.swift; path = Maas_PruebaTests.swift; sourceTree = "<group>"; };
		654F4D4C2C2B93C20089F41B /* Maas-PruebaUITests.xctest */ = {isa = PBXFileReference; explicitFileType = wrapper.cfbundle; includeInIndex = 0; path = "Maas-PruebaUITests.xctest"; sourceTree = BUILT_PRODUCTS_DIR; };
		654F4D502C2B93C20089F41B /* Maas_PruebaUITests.swift */ = {isa = PBXFileReference; lastKnownFileType = sourcecode.swift; path = Maas_PruebaUITests.swift; sourceTree = "<group>"; };
		654F4D522C2B93C20089F41B /* Maas_PruebaUITestsLaunchTests.swift */ = {isa = PBXFileReference; lastKnownFileType = sourcecode.swift; path = Maas_PruebaUITestsLaunchTests.swift; sourceTree = "<group>"; };
		658C07712C337AD900072AB9 /* MaasAppModels.swift */ = {isa = PBXFileReference; lastKnownFileType = sourcecode.swift; path = MaasAppModels.swift; sourceTree = "<group>"; };
		658C07802C33AD5800072AB9 /* NetworkManager.swift */ = {isa = PBXFileReference; lastKnownFileType = sourcecode.swift; path = NetworkManager.swift; sourceTree = "<group>"; };
		658C07842C33B6AF00072AB9 /* TarjetaViewModel.swift */ = {isa = PBXFileReference; lastKnownFileType = sourcecode.swift; path = TarjetaViewModel.swift; sourceTree = "<group>"; };
		659902C12C3317A800C2D721 /* Info.plist */ = {isa = PBXFileReference; lastKnownFileType = text.plist; path = Info.plist; sourceTree = "<group>"; };
/* End PBXFileReference section */

/* Begin PBXFrameworksBuildPhase section */
		654F4D2F2C2B93C00089F41B /* Frameworks */ = {
			isa = PBXFrameworksBuildPhase;
			buildActionMask = 2147483647;
			files = (
				658C076F2C3325FA00072AB9 /* Alamofire in Frameworks */,
			);
			runOnlyForDeploymentPostprocessing = 0;
		};
		654F4D3F2C2B93C20089F41B /* Frameworks */ = {
			isa = PBXFrameworksBuildPhase;
			buildActionMask = 2147483647;
			files = (
			);
			runOnlyForDeploymentPostprocessing = 0;
		};
		654F4D492C2B93C20089F41B /* Frameworks */ = {
			isa = PBXFrameworksBuildPhase;
			buildActionMask = 2147483647;
			files = (
			);
			runOnlyForDeploymentPostprocessing = 0;
		};
/* End PBXFrameworksBuildPhase section */

/* Begin PBXGroup section */
		654F4D292C2B93C00089F41B = {
			isa = PBXGroup;
			children = (
				654F4D342C2B93C00089F41B /* Maas-Prueba */,
				654F4D452C2B93C20089F41B /* Maas-PruebaTests */,
				654F4D4F2C2B93C20089F41B /* Maas-PruebaUITests */,
				654F4D332C2B93C00089F41B /* Products */,
			);
			sourceTree = "<group>";
		};
		654F4D332C2B93C00089F41B /* Products */ = {
			isa = PBXGroup;
			children = (
				654F4D322C2B93C00089F41B /* Maas-Prueba.app */,
				654F4D422C2B93C20089F41B /* Maas-PruebaTests.xctest */,
				654F4D4C2C2B93C20089F41B /* Maas-PruebaUITests.xctest */,
			);
			name = Products;
			sourceTree = "<group>";
		};
		654F4D342C2B93C00089F41B /* Maas-Prueba */ = {
			isa = PBXGroup;
			children = (
				657F40AD2C350A09009E2519 /* ViewModel */,
				657F40AC2C350A01009E2519 /* View */,
				657F40AB2C3509F7009E2519 /* Api */,
				658C07702C337ABA00072AB9 /* Modelo */,
				659902C12C3317A800C2D721 /* Info.plist */,
				654F4D352C2B93C00089F41B /* Maas_PruebaApp.swift */,
				654F4D392C2B93C10089F41B /* Assets.xcassets */,
				654F4D3B2C2B93C10089F41B /* Preview Content */,
			);
			path = "Maas-Prueba";
			sourceTree = "<group>";
		};
		654F4D3B2C2B93C10089F41B /* Preview Content */ = {
			isa = PBXGroup;
			children = (
				654F4D3C2C2B93C10089F41B /* Preview Assets.xcassets */,
			);
			path = "Preview Content";
			sourceTree = "<group>";
		};
		654F4D452C2B93C20089F41B /* Maas-PruebaTests */ = {
			isa = PBXGroup;
			children = (
				654F4D462C2B93C20089F41B /* Maas_PruebaTests.swift */,
			);
			path = "Maas-PruebaTests";
			sourceTree = "<group>";
		};
		654F4D4F2C2B93C20089F41B /* Maas-PruebaUITests */ = {
			isa = PBXGroup;
			children = (
				654F4D502C2B93C20089F41B /* Maas_PruebaUITests.swift */,
				654F4D522C2B93C20089F41B /* Maas_PruebaUITestsLaunchTests.swift */,
			);
			path = "Maas-PruebaUITests";
			sourceTree = "<group>";
		};
		657F40AB2C3509F7009E2519 /* Api */ = {
			isa = PBXGroup;
			children = (
				658C07802C33AD5800072AB9 /* NetworkManager.swift */,
			);
			path = Api;
			sourceTree = "<group>";
		};
		657F40AC2C350A01009E2519 /* View */ = {
			isa = PBXGroup;
			children = (
				654F4D372C2B93C00089F41B /* TarjetaView.swift */,
			);
			path = View;
			sourceTree = "<group>";
		};
		657F40AD2C350A09009E2519 /* ViewModel */ = {
			isa = PBXGroup;
			children = (
				658C07842C33B6AF00072AB9 /* TarjetaViewModel.swift */,
			);
			path = ViewModel;
			sourceTree = "<group>";
		};
		658C07702C337ABA00072AB9 /* Modelo */ = {
			isa = PBXGroup;
			children = (
				658C07712C337AD900072AB9 /* MaasAppModels.swift */,
			);
			path = Modelo;
			sourceTree = "<group>";
		};
/* End PBXGroup section */

/* Begin PBXNativeTarget section */
		654F4D312C2B93C00089F41B /* Maas-Prueba */ = {
			isa = PBXNativeTarget;
			buildConfigurationList = 654F4D562C2B93C20089F41B /* Build configuration list for PBXNativeTarget "Maas-Prueba" */;
			buildPhases = (
				654F4D2E2C2B93C00089F41B /* Sources */,
				654F4D2F2C2B93C00089F41B /* Frameworks */,
				654F4D302C2B93C00089F41B /* Resources */,
			);
			buildRules = (
			);
			dependencies = (
			);
			name = "Maas-Prueba";
			packageProductDependencies = (
				658C076E2C3325FA00072AB9 /* Alamofire */,
			);
			productName = "Maas-Prueba";
			productReference = 654F4D322C2B93C00089F41B /* Maas-Prueba.app */;
			productType = "com.apple.product-type.application";
		};
		654F4D412C2B93C20089F41B /* Maas-PruebaTests */ = {
			isa = PBXNativeTarget;
			buildConfigurationList = 654F4D592C2B93C20089F41B /* Build configuration list for PBXNativeTarget "Maas-PruebaTests" */;
			buildPhases = (
				654F4D3E2C2B93C20089F41B /* Sources */,
				654F4D3F2C2B93C20089F41B /* Frameworks */,
				654F4D402C2B93C20089F41B /* Resources */,
			);
			buildRules = (
			);
			dependencies = (
				654F4D442C2B93C20089F41B /* PBXTargetDependency */,
			);
			name = "Maas-PruebaTests";
			productName = "Maas-PruebaTests";
			productReference = 654F4D422C2B93C20089F41B /* Maas-PruebaTests.xctest */;
			productType = "com.apple.product-type.bundle.unit-test";
		};
		654F4D4B2C2B93C20089F41B /* Maas-PruebaUITests */ = {
			isa = PBXNativeTarget;
			buildConfigurationList = 654F4D5C2C2B93C20089F41B /* Build configuration list for PBXNativeTarget "Maas-PruebaUITests" */;
			buildPhases = (
				654F4D482C2B93C20089F41B /* Sources */,
				654F4D492C2B93C20089F41B /* Frameworks */,
				654F4D4A2C2B93C20089F41B /* Resources */,
			);
			buildRules = (
			);
			dependencies = (
				654F4D4E2C2B93C20089F41B /* PBXTargetDependency */,
			);
			name = "Maas-PruebaUITests";
			productName = "Maas-PruebaUITests";
			productReference = 654F4D4C2C2B93C20089F41B /* Maas-PruebaUITests.xctest */;
			productType = "com.apple.product-type.bundle.ui-testing";
		};
/* End PBXNativeTarget section */

/* Begin PBXProject section */
		654F4D2A2C2B93C00089F41B /* Project object */ = {
			isa = PBXProject;
			attributes = {
				BuildIndependentTargetsInParallel = 1;
				LastSwiftUpdateCheck = 1540;
				LastUpgradeCheck = 1540;
				TargetAttributes = {
					654F4D312C2B93C00089F41B = {
						CreatedOnToolsVersion = 15.4;
					};
					654F4D412C2B93C20089F41B = {
						CreatedOnToolsVersion = 15.4;
						TestTargetID = 654F4D312C2B93C00089F41B;
					};
					654F4D4B2C2B93C20089F41B = {
						CreatedOnToolsVersion = 15.4;
						TestTargetID = 654F4D312C2B93C00089F41B;
					};
				};
			};
			buildConfigurationList = 654F4D2D2C2B93C00089F41B /* Build configuration list for PBXProject "Maas-Prueba" */;
			compatibilityVersion = "Xcode 14.0";
			developmentRegion = en;
			hasScannedForEncodings = 0;
			knownRegions = (
				en,
				Base,
			);
			mainGroup = 654F4D292C2B93C00089F41B;
			packageReferences = (
				658C076D2C3325FA00072AB9 /* XCRemoteSwiftPackageReference "Alamofire" */,
			);
			productRefGroup = 654F4D332C2B93C00089F41B /* Products */;
			projectDirPath = "";
			projectRoot = "";
			targets = (
				654F4D312C2B93C00089F41B /* Maas-Prueba */,
				654F4D412C2B93C20089F41B /* Maas-PruebaTests */,
				654F4D4B2C2B93C20089F41B /* Maas-PruebaUITests */,
			);
		};
/* End PBXProject section */

/* Begin PBXResourcesBuildPhase section */
		654F4D302C2B93C00089F41B /* Resources */ = {
			isa = PBXResourcesBuildPhase;
			buildActionMask = 2147483647;
			files = (
				654F4D3D2C2B93C10089F41B /* Preview Assets.xcassets in Resources */,
				654F4D3A2C2B93C10089F41B /* Assets.xcassets in Resources */,
			);
			runOnlyForDeploymentPostprocessing = 0;
		};
		654F4D402C2B93C20089F41B /* Resources */ = {
			isa = PBXResourcesBuildPhase;
			buildActionMask = 2147483647;
			files = (
			);
			runOnlyForDeploymentPostprocessing = 0;
		};
		654F4D4A2C2B93C20089F41B /* Resources */ = {
			isa = PBXResourcesBuildPhase;
			buildActionMask = 2147483647;
			files = (
			);
			runOnlyForDeploymentPostprocessing = 0;
		};
/* End PBXResourcesBuildPhase section */

/* Begin PBXSourcesBuildPhase section */
		654F4D2E2C2B93C00089F41B /* Sources */ = {
			isa = PBXSourcesBuildPhase;
			buildActionMask = 2147483647;
			files = (
				658C07852C33B6AF00072AB9 /* TarjetaViewModel.swift in Sources */,
				654F4D382C2B93C00089F41B /* TarjetaView.swift in Sources */,
				658C07722C337AD900072AB9 /* MaasAppModels.swift in Sources */,
				658C07812C33AD5800072AB9 /* NetworkManager.swift in Sources */,
				654F4D362C2B93C00089F41B /* Maas_PruebaApp.swift in Sources */,
			);
			runOnlyForDeploymentPostprocessing = 0;
		};
		654F4D3E2C2B93C20089F41B /* Sources */ = {
			isa = PBXSourcesBuildPhase;
			buildActionMask = 2147483647;
			files = (
				654F4D472C2B93C20089F41B /* Maas_PruebaTests.swift in Sources */,
			);
			runOnlyForDeploymentPostprocessing = 0;
		};
		654F4D482C2B93C20089F41B /* Sources */ = {
			isa = PBXSourcesBuildPhase;
			buildActionMask = 2147483647;
			files = (
				654F4D512C2B93C20089F41B /* Maas_PruebaUITests.swift in Sources */,
				654F4D532C2B93C20089F41B /* Maas_PruebaUITestsLaunchTests.swift in Sources */,
			);
			runOnlyForDeploymentPostprocessing = 0;
		};
/* End PBXSourcesBuildPhase section */

/* Begin PBXTargetDependency section */
		654F4D442C2B93C20089F41B /* PBXTargetDependency */ = {
			isa = PBXTargetDependency;
			target = 654F4D312C2B93C00089F41B /* Maas-Prueba */;
			targetProxy = 654F4D432C2B93C20089F41B /* PBXContainerItemProxy */;
		};
		654F4D4E2C2B93C20089F41B /* PBXTargetDependency */ = {
			isa = PBXTargetDependency;
			target = 654F4D312C2B93C00089F41B /* Maas-Prueba */;
			targetProxy = 654F4D4D2C2B93C20089F41B /* PBXContainerItemProxy */;
		};
/* End PBXTargetDependency section */

/* Begin XCBuildConfiguration section */
		654F4D542C2B93C20089F41B /* Debug */ = {
			isa = XCBuildConfiguration;
			buildSettings = {
				ALWAYS_SEARCH_USER_PATHS = NO;
				ASSETCATALOG_COMPILER_GENERATE_SWIFT_ASSET_SYMBOL_EXTENSIONS = YES;
				CLANG_ANALYZER_NONNULL = YES;
				CLANG_ANALYZER_NUMBER_OBJECT_CONVERSION = YES_AGGRESSIVE;
				CLANG_CXX_LANGUAGE_STANDARD = "gnu++20";
				CLANG_ENABLE_MODULES = YES;
				CLANG_ENABLE_OBJC_ARC = YES;
				CLANG_ENABLE_OBJC_WEAK = YES;
				CLANG_WARN_BLOCK_CAPTURE_AUTORELEASING = YES;
				CLANG_WARN_BOOL_CONVERSION = YES;
				CLANG_WARN_COMMA = YES;
				CLANG_WARN_CONSTANT_CONVERSION = YES;
				CLANG_WARN_DEPRECATED_OBJC_IMPLEMENTATIONS = YES;
				CLANG_WARN_DIRECT_OBJC_ISA_USAGE = YES_ERROR;
				CLANG_WARN_DOCUMENTATION_COMMENTS = YES;
				CLANG_WARN_EMPTY_BODY = YES;
				CLANG_WARN_ENUM_CONVERSION = YES;
				CLANG_WARN_INFINITE_RECURSION = YES;
				CLANG_WARN_INT_CONVERSION = YES;
				CLANG_WARN_NON_LITERAL_NULL_CONVERSION = YES;
				CLANG_WARN_OBJC_IMPLICIT_RETAIN_SELF = YES;
				CLANG_WARN_OBJC_LITERAL_CONVERSION = YES;
				CLANG_WARN_OBJC_ROOT_CLASS = YES_ERROR;
				CLANG_WARN_QUOTED_INCLUDE_IN_FRAMEWORK_HEADER = YES;
				CLANG_WARN_RANGE_LOOP_ANALYSIS = YES;
				CLANG_WARN_STRICT_PROTOTYPES = YES;
				CLANG_WARN_SUSPICIOUS_MOVE = YES;
				CLANG_WARN_UNGUARDED_AVAILABILITY = YES_AGGRESSIVE;
				CLANG_WARN_UNREACHABLE_CODE = YES;
				CLANG_WARN__DUPLICATE_METHOD_MATCH = YES;
				COPY_PHASE_STRIP = NO;
				DEBUG_INFORMATION_FORMAT = dwarf;
				ENABLE_STRICT_OBJC_MSGSEND = YES;
				ENABLE_TESTABILITY = YES;
				ENABLE_USER_SCRIPT_SANDBOXING = YES;
				GCC_C_LANGUAGE_STANDARD = gnu17;
				GCC_DYNAMIC_NO_PIC = NO;
				GCC_NO_COMMON_BLOCKS = YES;
				GCC_OPTIMIZATION_LEVEL = 0;
				GCC_PREPROCESSOR_DEFINITIONS = (
					"DEBUG=1",
					"$(inherited)",
				);
				GCC_WARN_64_TO_32_BIT_CONVERSION = YES;
				GCC_WARN_ABOUT_RETURN_TYPE = YES_ERROR;
				GCC_WARN_UNDECLARED_SELECTOR = YES;
				GCC_WARN_UNINITIALIZED_AUTOS = YES_AGGRESSIVE;
				GCC_WARN_UNUSED_FUNCTION = YES;
				GCC_WARN_UNUSED_VARIABLE = YES;
				IPHONEOS_DEPLOYMENT_TARGET = 17.5;
				LOCALIZATION_PREFERS_STRING_CATALOGS = YES;
				MTL_ENABLE_DEBUG_INFO = INCLUDE_SOURCE;
				MTL_FAST_MATH = YES;
				ONLY_ACTIVE_ARCH = YES;
				SDKROOT = iphoneos;
				SWIFT_ACTIVE_COMPILATION_CONDITIONS = "DEBUG $(inherited)";
				SWIFT_OPTIMIZATION_LEVEL = "-Onone";
			};
			name = Debug;
		};
		654F4D552C2B93C20089F41B /* Release */ = {
			isa = XCBuildConfiguration;
			buildSettings = {
				ALWAYS_SEARCH_USER_PATHS = NO;
				ASSETCATALOG_COMPILER_GENERATE_SWIFT_ASSET_SYMBOL_EXTENSIONS = YES;
				CLANG_ANALYZER_NONNULL = YES;
				CLANG_ANALYZER_NUMBER_OBJECT_CONVERSION = YES_AGGRESSIVE;
				CLANG_CXX_LANGUAGE_STANDARD = "gnu++20";
				CLANG_ENABLE_MODULES = YES;
				CLANG_ENABLE_OBJC_ARC = YES;
				CLANG_ENABLE_OBJC_WEAK = YES;
				CLANG_WARN_BLOCK_CAPTURE_AUTORELEASING = YES;
				CLANG_WARN_BOOL_CONVERSION = YES;
				CLANG_WARN_COMMA = YES;
				CLANG_WARN_CONSTANT_CONVERSION = YES;
				CLANG_WARN_DEPRECATED_OBJC_IMPLEMENTATIONS = YES;
				CLANG_WARN_DIRECT_OBJC_ISA_USAGE = YES_ERROR;
				CLANG_WARN_DOCUMENTATION_COMMENTS = YES;
				CLANG_WARN_EMPTY_BODY = YES;
				CLANG_WARN_ENUM_CONVERSION = YES;
				CLANG_WARN_INFINITE_RECURSION = YES;
				CLANG_WARN_INT_CONVERSION = YES;
				CLANG_WARN_NON_LITERAL_NULL_CONVERSION = YES;
				CLANG_WARN_OBJC_IMPLICIT_RETAIN_SELF = YES;
				CLANG_WARN_OBJC_LITERAL_CONVERSION = YES;
				CLANG_WARN_OBJC_ROOT_CLASS = YES_ERROR;
				CLANG_WARN_QUOTED_INCLUDE_IN_FRAMEWORK_HEADER = YES;
				CLANG_WARN_RANGE_LOOP_ANALYSIS = YES;
				CLANG_WARN_STRICT_PROTOTYPES = YES;
				CLANG_WARN_SUSPICIOUS_MOVE = YES;
				CLANG_WARN_UNGUARDED_AVAILABILITY = YES_AGGRESSIVE;
				CLANG_WARN_UNREACHABLE_CODE = YES;
				CLANG_WARN__DUPLICATE_METHOD_MATCH = YES;
				COPY_PHASE_STRIP = NO;
				DEBUG_INFORMATION_FORMAT = "dwarf-with-dsym";
				ENABLE_NS_ASSERTIONS = NO;
				ENABLE_STRICT_OBJC_MSGSEND = YES;
				ENABLE_USER_SCRIPT_SANDBOXING = YES;
				GCC_C_LANGUAGE_STANDARD = gnu17;
				GCC_NO_COMMON_BLOCKS = YES;
				GCC_WARN_64_TO_32_BIT_CONVERSION = YES;
				GCC_WARN_ABOUT_RETURN_TYPE = YES_ERROR;
				GCC_WARN_UNDECLARED_SELECTOR = YES;
				GCC_WARN_UNINITIALIZED_AUTOS = YES_AGGRESSIVE;
				GCC_WARN_UNUSED_FUNCTION = YES;
				GCC_WARN_UNUSED_VARIABLE = YES;
				IPHONEOS_DEPLOYMENT_TARGET = 17.5;
				LOCALIZATION_PREFERS_STRING_CATALOGS = YES;
				MTL_ENABLE_DEBUG_INFO = NO;
				MTL_FAST_MATH = YES;
				SDKROOT = iphoneos;
				SWIFT_COMPILATION_MODE = wholemodule;
				VALIDATE_PRODUCT = YES;
			};
			name = Release;
		};
		654F4D572C2B93C20089F41B /* Debug */ = {
			isa = XCBuildConfiguration;
			buildSettings = {
				ASSETCATALOG_COMPILER_APPICON_NAME = AppIcon;
				ASSETCATALOG_COMPILER_GLOBAL_ACCENT_COLOR_NAME = AccentColor;
				CODE_SIGN_STYLE = Automatic;
				CURRENT_PROJECT_VERSION = 1;
				DEVELOPMENT_ASSET_PATHS = "\"Maas-Prueba/Preview Content\"";
				ENABLE_PREVIEWS = YES;
				GENERATE_INFOPLIST_FILE = YES;
				INFOPLIST_FILE = "Maas-Prueba/Info.plist";
				INFOPLIST_KEY_UIApplicationSceneManifest_Generation = YES;
				INFOPLIST_KEY_UIApplicationSupportsIndirectInputEvents = YES;
				INFOPLIST_KEY_UILaunchScreen_Generation = YES;
				INFOPLIST_KEY_UISupportedInterfaceOrientations_iPad = "UIInterfaceOrientationPortrait UIInterfaceOrientationPortraitUpsideDown UIInterfaceOrientationLandscapeLeft UIInterfaceOrientationLandscapeRight";
				INFOPLIST_KEY_UISupportedInterfaceOrientations_iPhone = "UIInterfaceOrientationPortrait UIInterfaceOrientationLandscapeLeft UIInterfaceOrientationLandscapeRight";
				LD_RUNPATH_SEARCH_PATHS = (
					"$(inherited)",
					"@executable_path/Frameworks",
				);
				MARKETING_VERSION = 1.0;
				PRODUCT_BUNDLE_IDENTIFIER = "none.Maas-Prueba";
				PRODUCT_NAME = "$(TARGET_NAME)";
				SWIFT_EMIT_LOC_STRINGS = YES;
				SWIFT_VERSION = 5.0;
				TARGETED_DEVICE_FAMILY = "1,2";
			};
			name = Debug;
		};
		654F4D582C2B93C20089F41B /* Release */ = {
			isa = XCBuildConfiguration;
			buildSettings = {
				ASSETCATALOG_COMPILER_APPICON_NAME = AppIcon;
				ASSETCATALOG_COMPILER_GLOBAL_ACCENT_COLOR_NAME = AccentColor;
				CODE_SIGN_STYLE = Automatic;
				CURRENT_PROJECT_VERSION = 1;
				DEVELOPMENT_ASSET_PATHS = "\"Maas-Prueba/Preview Content\"";
				ENABLE_PREVIEWS = YES;
				GENERATE_INFOPLIST_FILE = YES;
				INFOPLIST_FILE = "Maas-Prueba/Info.plist";
				INFOPLIST_KEY_UIApplicationSceneManifest_Generation = YES;
				INFOPLIST_KEY_UIApplicationSupportsIndirectInputEvents = YES;
				INFOPLIST_KEY_UILaunchScreen_Generation = YES;
				INFOPLIST_KEY_UISupportedInterfaceOrientations_iPad = "UIInterfaceOrientationPortrait UIInterfaceOrientationPortraitUpsideDown UIInterfaceOrientationLandscapeLeft UIInterfaceOrientationLandscapeRight";
				INFOPLIST_KEY_UISupportedInterfaceOrientations_iPhone = "UIInterfaceOrientationPortrait UIInterfaceOrientationLandscapeLeft UIInterfaceOrientationLandscapeRight";
				LD_RUNPATH_SEARCH_PATHS = (
					"$(inherited)",
					"@executable_path/Frameworks",
				);
				MARKETING_VERSION = 1.0;
				PRODUCT_BUNDLE_IDENTIFIER = "none.Maas-Prueba";
				PRODUCT_NAME = "$(TARGET_NAME)";
				SWIFT_EMIT_LOC_STRINGS = YES;
				SWIFT_VERSION = 5.0;
				TARGETED_DEVICE_FAMILY = "1,2";
			};
			name = Release;
		};
		654F4D5A2C2B93C20089F41B /* Debug */ = {
			isa = XCBuildConfiguration;
			buildSettings = {
				ALWAYS_EMBED_SWIFT_STANDARD_LIBRARIES = YES;
				BUNDLE_LOADER = "$(TEST_HOST)";
				CODE_SIGN_STYLE = Automatic;
				CURRENT_PROJECT_VERSION = 1;
				GENERATE_INFOPLIST_FILE = YES;
				IPHONEOS_DEPLOYMENT_TARGET = 17.5;
				MARKETING_VERSION = 1.0;
				PRODUCT_BUNDLE_IDENTIFIER = "none.Maas-PruebaTests";
				PRODUCT_NAME = "$(TARGET_NAME)";
				SWIFT_EMIT_LOC_STRINGS = NO;
				SWIFT_VERSION = 5.0;
				TARGETED_DEVICE_FAMILY = "1,2";
				TEST_HOST = "$(BUILT_PRODUCTS_DIR)/Maas-Prueba.app/$(BUNDLE_EXECUTABLE_FOLDER_PATH)/Maas-Prueba";
			};
			name = Debug;
		};
		654F4D5B2C2B93C20089F41B /* Release */ = {
			isa = XCBuildConfiguration;
			buildSettings = {
				ALWAYS_EMBED_SWIFT_STANDARD_LIBRARIES = YES;
				BUNDLE_LOADER = "$(TEST_HOST)";
				CODE_SIGN_STYLE = Automatic;
				CURRENT_PROJECT_VERSION = 1;
				GENERATE_INFOPLIST_FILE = YES;
				IPHONEOS_DEPLOYMENT_TARGET = 17.5;
				MARKETING_VERSION = 1.0;
				PRODUCT_BUNDLE_IDENTIFIER = "none.Maas-PruebaTests";
				PRODUCT_NAME = "$(TARGET_NAME)";
				SWIFT_EMIT_LOC_STRINGS = NO;
				SWIFT_VERSION = 5.0;
				TARGETED_DEVICE_FAMILY = "1,2";
				TEST_HOST = "$(BUILT_PRODUCTS_DIR)/Maas-Prueba.app/$(BUNDLE_EXECUTABLE_FOLDER_PATH)/Maas-Prueba";
			};
			name = Release;
		};
		654F4D5D2C2B93C20089F41B /* Debug */ = {
			isa = XCBuildConfiguration;
			buildSettings = {
				ALWAYS_EMBED_SWIFT_STANDARD_LIBRARIES = YES;
				CODE_SIGN_STYLE = Automatic;
				CURRENT_PROJECT_VERSION = 1;
				GENERATE_INFOPLIST_FILE = YES;
				MARKETING_VERSION = 1.0;
				PRODUCT_BUNDLE_IDENTIFIER = "none.Maas-PruebaUITests";
				PRODUCT_NAME = "$(TARGET_NAME)";
				SWIFT_EMIT_LOC_STRINGS = NO;
				SWIFT_VERSION = 5.0;
				TARGETED_DEVICE_FAMILY = "1,2";
				TEST_TARGET_NAME = "Maas-Prueba";
			};
			name = Debug;
		};
		654F4D5E2C2B93C20089F41B /* Release */ = {
			isa = XCBuildConfiguration;
			buildSettings = {
				ALWAYS_EMBED_SWIFT_STANDARD_LIBRARIES = YES;
				CODE_SIGN_STYLE = Automatic;
				CURRENT_PROJECT_VERSION = 1;
				GENERATE_INFOPLIST_FILE = YES;
				MARKETING_VERSION = 1.0;
				PRODUCT_BUNDLE_IDENTIFIER = "none.Maas-PruebaUITests";
				PRODUCT_NAME = "$(TARGET_NAME)";
				SWIFT_EMIT_LOC_STRINGS = NO;
				SWIFT_VERSION = 5.0;
				TARGETED_DEVICE_FAMILY = "1,2";
				TEST_TARGET_NAME = "Maas-Prueba";
			};
			name = Release;
		};
/* End XCBuildConfiguration section */

/* Begin XCConfigurationList section */
		654F4D2D2C2B93C00089F41B /* Build configuration list for PBXProject "Maas-Prueba" */ = {
			isa = XCConfigurationList;
			buildConfigurations = (
				654F4D542C2B93C20089F41B /* Debug */,
				654F4D552C2B93C20089F41B /* Release */,
			);
			defaultConfigurationIsVisible = 0;
			defaultConfigurationName = Release;
		};
		654F4D562C2B93C20089F41B /* Build configuration list for PBXNativeTarget "Maas-Prueba" */ = {
			isa = XCConfigurationList;
			buildConfigurations = (
				654F4D572C2B93C20089F41B /* Debug */,
				654F4D582C2B93C20089F41B /* Release */,
			);
			defaultConfigurationIsVisible = 0;
			defaultConfigurationName = Release;
		};
		654F4D592C2B93C20089F41B /* Build configuration list for PBXNativeTarget "Maas-PruebaTests" */ = {
			isa = XCConfigurationList;
			buildConfigurations = (
				654F4D5A2C2B93C20089F41B /* Debug */,
				654F4D5B2C2B93C20089F41B /* Release */,
			);
			defaultConfigurationIsVisible = 0;
			defaultConfigurationName = Release;
		};
		654F4D5C2C2B93C20089F41B /* Build configuration list for PBXNativeTarget "Maas-PruebaUITests" */ = {
			isa = XCConfigurationList;
			buildConfigurations = (
				654F4D5D2C2B93C20089F41B /* Debug */,
				654F4D5E2C2B93C20089F41B /* Release */,
			);
			defaultConfigurationIsVisible = 0;
			defaultConfigurationName = Release;
		};
/* End XCConfigurationList section */

/* Begin XCRemoteSwiftPackageReference section */
		658C076D2C3325FA00072AB9 /* XCRemoteSwiftPackageReference "Alamofire" */ = {
			isa = XCRemoteSwiftPackageReference;
			repositoryURL = "https://github.com/Alamofire/Alamofire";
			requirement = {
				kind = upToNextMajorVersion;
				minimumVersion = 5.9.1;
			};
		};
/* End XCRemoteSwiftPackageReference section */

/* Begin XCSwiftPackageProductDependency section */
		658C076E2C3325FA00072AB9 /* Alamofire */ = {
			isa = XCSwiftPackageProductDependency;
			package = 658C076D2C3325FA00072AB9 /* XCRemoteSwiftPackageReference "Alamofire" */;
			productName = Alamofire;
		};
/* End XCSwiftPackageProductDependency section */
	};
	rootObject = 654F4D2A2C2B93C00089F41B /* Project object */;
}
